
Microsoft Visual Studio Solution File, Format Version 12.00
# Visual Studio 15
VisualStudioVersion = 15.0.26124.0
MinimumVisualStudioVersion = 15.0.26124.0
Project("{2150E333-8FDC-42A3-9474-1A3956D46DE8}") = "test", "test", "{7176D671-2E97-4EE4-8156-14EC1C941F76}"
EndProject
Project("{FAE04EC0-301F-11D3-BF4B-00C04F79EFBC}") = "Test.Unit", "test\Unit\Test.Unit.csproj", "{46619FF5-B274-4AA3-9EB0-250F9AD7DC3D}"
EndProject
Project("{2150E333-8FDC-42A3-9474-1A3956D46DE8}") = "src", "src", "{8A28A494-7F31-42CA-9378-A1E60BF71CEA}"
EndProject
Project("{FAE04EC0-301F-11D3-BF4B-00C04F79EFBC}") = "Kaylumah.Ssg.Utilities", "src\Utilities\Kaylumah.Ssg.Utilities.csproj", "{F7EAE2E7-5820-472D-88C9-C674CCD08F50}"
EndProject
Project("{2150E333-8FDC-42A3-9474-1A3956D46DE8}") = "Component", "Component", "{0871BC28-F729-45B1-B7FA-C2FE00709BB2}"
EndProject
Project("{2150E333-8FDC-42A3-9474-1A3956D46DE8}") = "Client", "Client", "{8D0E938C-0AFC-4CC2-A651-6B24F99A7485}"
EndProject
Project("{FAE04EC0-301F-11D3-BF4B-00C04F79EFBC}") = "Kaylumah.Ssg.Client.SiteGenerator", "src\Component\Client\SiteGenerator\Kaylumah.Ssg.Client.SiteGenerator.csproj", "{707D8F85-7192-4043-A55C-8C6DF716FBDD}"
EndProject
Project("{2150E333-8FDC-42A3-9474-1A3956D46DE8}") = "Manager", "Manager", "{97EFC4F1-D73F-4BA0-867E-58B984D70156}"
EndProject
Project("{2150E333-8FDC-42A3-9474-1A3956D46DE8}") = "Site", "Site", "{C7E0179E-B451-40FB-9FB5-DE03744F90BE}"
EndProject
Project("{FAE04EC0-301F-11D3-BF4B-00C04F79EFBC}") = "Kaylumah.Ssg.Manager.Site.Interface", "src\Component\Manager\Site\Interface\Kaylumah.Ssg.Manager.Site.Interface.csproj", "{16D3AF6F-0490-4681-874F-F52492584D0F}"
EndProject
Project("{FAE04EC0-301F-11D3-BF4B-00C04F79EFBC}") = "Kaylumah.Ssg.Manager.Site.Service", "src\Component\Manager\Site\Service\Kaylumah.Ssg.Manager.Site.Service.csproj", "{35F52A22-3956-43D1-B730-F47E357149EC}"
EndProject
Global
	GlobalSection(SolutionConfigurationPlatforms) = preSolution
		Debug|Any CPU = Debug|Any CPU
		Debug|x64 = Debug|x64
		Debug|x86 = Debug|x86
		Release|Any CPU = Release|Any CPU
		Release|x64 = Release|x64
		Release|x86 = Release|x86
	EndGlobalSection
	GlobalSection(SolutionProperties) = preSolution
		HideSolutionNode = FALSE
	EndGlobalSection
	GlobalSection(ProjectConfigurationPlatforms) = postSolution
		{46619FF5-B274-4AA3-9EB0-250F9AD7DC3D}.Debug|Any CPU.ActiveCfg = Debug|Any CPU
		{46619FF5-B274-4AA3-9EB0-250F9AD7DC3D}.Debug|Any CPU.Build.0 = Debug|Any CPU
		{46619FF5-B274-4AA3-9EB0-250F9AD7DC3D}.Debug|x64.ActiveCfg = Debug|Any CPU
		{46619FF5-B274-4AA3-9EB0-250F9AD7DC3D}.Debug|x64.Build.0 = Debug|Any CPU
		{46619FF5-B274-4AA3-9EB0-250F9AD7DC3D}.Debug|x86.ActiveCfg = Debug|Any CPU
		{46619FF5-B274-4AA3-9EB0-250F9AD7DC3D}.Debug|x86.Build.0 = Debug|Any CPU
		{46619FF5-B274-4AA3-9EB0-250F9AD7DC3D}.Release|Any CPU.ActiveCfg = Release|Any CPU
		{46619FF5-B274-4AA3-9EB0-250F9AD7DC3D}.Release|Any CPU.Build.0 = Release|Any CPU
		{46619FF5-B274-4AA3-9EB0-250F9AD7DC3D}.Release|x64.ActiveCfg = Release|Any CPU
		{46619FF5-B274-4AA3-9EB0-250F9AD7DC3D}.Release|x64.Build.0 = Release|Any CPU
		{46619FF5-B274-4AA3-9EB0-250F9AD7DC3D}.Release|x86.ActiveCfg = Release|Any CPU
		{46619FF5-B274-4AA3-9EB0-250F9AD7DC3D}.Release|x86.Build.0 = Release|Any CPU
		{F7EAE2E7-5820-472D-88C9-C674CCD08F50}.Debug|Any CPU.ActiveCfg = Debug|Any CPU
		{F7EAE2E7-5820-472D-88C9-C674CCD08F50}.Debug|Any CPU.Build.0 = Debug|Any CPU
		{F7EAE2E7-5820-472D-88C9-C674CCD08F50}.Debug|x64.ActiveCfg = Debug|Any CPU
		{F7EAE2E7-5820-472D-88C9-C674CCD08F50}.Debug|x64.Build.0 = Debug|Any CPU
		{F7EAE2E7-5820-472D-88C9-C674CCD08F50}.Debug|x86.ActiveCfg = Debug|Any CPU
		{F7EAE2E7-5820-472D-88C9-C674CCD08F50}.Debug|x86.Build.0 = Debug|Any CPU
		{F7EAE2E7-5820-472D-88C9-C674CCD08F50}.Release|Any CPU.ActiveCfg = Release|Any CPU
		{F7EAE2E7-5820-472D-88C9-C674CCD08F50}.Release|Any CPU.Build.0 = Release|Any CPU
		{F7EAE2E7-5820-472D-88C9-C674CCD08F50}.Release|x64.ActiveCfg = Release|Any CPU
		{F7EAE2E7-5820-472D-88C9-C674CCD08F50}.Release|x64.Build.0 = Release|Any CPU
		{F7EAE2E7-5820-472D-88C9-C674CCD08F50}.Release|x86.ActiveCfg = Release|Any CPU
		{F7EAE2E7-5820-472D-88C9-C674CCD08F50}.Release|x86.Build.0 = Release|Any CPU
		{707D8F85-7192-4043-A55C-8C6DF716FBDD}.Debug|Any CPU.ActiveCfg = Debug|Any CPU
		{707D8F85-7192-4043-A55C-8C6DF716FBDD}.Debug|Any CPU.Build.0 = Debug|Any CPU
		{707D8F85-7192-4043-A55C-8C6DF716FBDD}.Debug|x64.ActiveCfg = Debug|Any CPU
		{707D8F85-7192-4043-A55C-8C6DF716FBDD}.Debug|x64.Build.0 = Debug|Any CPU
		{707D8F85-7192-4043-A55C-8C6DF716FBDD}.Debug|x86.ActiveCfg = Debug|Any CPU
		{707D8F85-7192-4043-A55C-8C6DF716FBDD}.Debug|x86.Build.0 = Debug|Any CPU
		{707D8F85-7192-4043-A55C-8C6DF716FBDD}.Release|Any CPU.ActiveCfg = Release|Any CPU
		{707D8F85-7192-4043-A55C-8C6DF716FBDD}.Release|Any CPU.Build.0 = Release|Any CPU
		{707D8F85-7192-4043-A55C-8C6DF716FBDD}.Release|x64.ActiveCfg = Release|Any CPU
		{707D8F85-7192-4043-A55C-8C6DF716FBDD}.Release|x64.Build.0 = Release|Any CPU
		{707D8F85-7192-4043-A55C-8C6DF716FBDD}.Release|x86.ActiveCfg = Release|Any CPU
		{707D8F85-7192-4043-A55C-8C6DF716FBDD}.Release|x86.Build.0 = Release|Any CPU
		{16D3AF6F-0490-4681-874F-F52492584D0F}.Debug|Any CPU.ActiveCfg = Debug|Any CPU
		{16D3AF6F-0490-4681-874F-F52492584D0F}.Debug|Any CPU.Build.0 = Debug|Any CPU
		{16D3AF6F-0490-4681-874F-F52492584D0F}.Debug|x64.ActiveCfg = Debug|Any CPU
		{16D3AF6F-0490-4681-874F-F52492584D0F}.Debug|x64.Build.0 = Debug|Any CPU
		{16D3AF6F-0490-4681-874F-F52492584D0F}.Debug|x86.ActiveCfg = Debug|Any CPU
		{16D3AF6F-0490-4681-874F-F52492584D0F}.Debug|x86.Build.0 = Debug|Any CPU
		{16D3AF6F-0490-4681-874F-F52492584D0F}.Release|Any CPU.ActiveCfg = Release|Any CPU
		{16D3AF6F-0490-4681-874F-F52492584D0F}.Release|Any CPU.Build.0 = Release|Any CPU
		{16D3AF6F-0490-4681-874F-F52492584D0F}.Release|x64.ActiveCfg = Release|Any CPU
		{16D3AF6F-0490-4681-874F-F52492584D0F}.Release|x64.Build.0 = Release|Any CPU
		{16D3AF6F-0490-4681-874F-F52492584D0F}.Release|x86.ActiveCfg = Release|Any CPU
		{16D3AF6F-0490-4681-874F-F52492584D0F}.Release|x86.Build.0 = Release|Any CPU
		{35F52A22-3956-43D1-B730-F47E357149EC}.Debug|Any CPU.ActiveCfg = Debug|Any CPU
		{35F52A22-3956-43D1-B730-F47E357149EC}.Debug|Any CPU.Build.0 = Debug|Any CPU
		{35F52A22-3956-43D1-B730-F47E357149EC}.Debug|x64.ActiveCfg = Debug|Any CPU
		{35F52A22-3956-43D1-B730-F47E357149EC}.Debug|x64.Build.0 = Debug|Any CPU
		{35F52A22-3956-43D1-B730-F47E357149EC}.Debug|x86.ActiveCfg = Debug|Any CPU
		{35F52A22-3956-43D1-B730-F47E357149EC}.Debug|x86.Build.0 = Debug|Any CPU
		{35F52A22-3956-43D1-B730-F47E357149EC}.Release|Any CPU.ActiveCfg = Release|Any CPU
		{35F52A22-3956-43D1-B730-F47E357149EC}.Release|Any CPU.Build.0 = Release|Any CPU
		{35F52A22-3956-43D1-B730-F47E357149EC}.Release|x64.ActiveCfg = Release|Any CPU
		{35F52A22-3956-43D1-B730-F47E357149EC}.Release|x64.Build.0 = Release|Any CPU
		{35F52A22-3956-43D1-B730-F47E357149EC}.Release|x86.ActiveCfg = Release|Any CPU
		{35F52A22-3956-43D1-B730-F47E357149EC}.Release|x86.Build.0 = Release|Any CPU
	EndGlobalSection
	GlobalSection(NestedProjects) = preSolution
		{46619FF5-B274-4AA3-9EB0-250F9AD7DC3D} = {7176D671-2E97-4EE4-8156-14EC1C941F76}
		{F7EAE2E7-5820-472D-88C9-C674CCD08F50} = {8A28A494-7F31-42CA-9378-A1E60BF71CEA}
		{0871BC28-F729-45B1-B7FA-C2FE00709BB2} = {8A28A494-7F31-42CA-9378-A1E60BF71CEA}
		{8D0E938C-0AFC-4CC2-A651-6B24F99A7485} = {0871BC28-F729-45B1-B7FA-C2FE00709BB2}
		{707D8F85-7192-4043-A55C-8C6DF716FBDD} = {8D0E938C-0AFC-4CC2-A651-6B24F99A7485}
		{97EFC4F1-D73F-4BA0-867E-58B984D70156} = {0871BC28-F729-45B1-B7FA-C2FE00709BB2}
		{C7E0179E-B451-40FB-9FB5-DE03744F90BE} = {97EFC4F1-D73F-4BA0-867E-58B984D70156}
		{16D3AF6F-0490-4681-874F-F52492584D0F} = {C7E0179E-B451-40FB-9FB5-DE03744F90BE}
		{35F52A22-3956-43D1-B730-F47E357149EC} = {C7E0179E-B451-40FB-9FB5-DE03744F90BE}
	EndGlobalSection
EndGlobal
